
Microsoft Visual Studio Solution File, Format Version 12.00
# Visual Studio Version 17
VisualStudioVersion = 17.0.31903.59
MinimumVisualStudioVersion = 10.0.40219.1
Project("{2150E333-8FDC-42A3-9474-1A3956D46DE8}") = "src", "src", "{827E0CD3-B72D-47B6-A68D-7590B98EB39B}"
EndProject
Project("{FAE04EC0-301F-11D3-BF4B-00C04F79EFBC}") = "DeUygulamaVitrini.Domain", "src\DeUygulamaVitrini.Domain\DeUygulamaVitrini.Domain.csproj", "{CDE27A30-7430-4EB8-8034-2C97D2F849E4}"
EndProject
Project("{FAE04EC0-301F-11D3-BF4B-00C04F79EFBC}") = "DeUygulamaVitrini.Application", "src\DeUygulamaVitrini.Application\DeUygulamaVitrini.Application.csproj", "{27BCFBAA-E2FD-4E4E-BD5F-16305AE8C711}"
EndProject
Project("{FAE04EC0-301F-11D3-BF4B-00C04F79EFBC}") = "DeUygulamaVitrini.Infrastructure", "src\DeUygulamaVitrini.Infrastructure\DeUygulamaVitrini.Infrastructure.csproj", "{64A793D8-CBC7-48D5-B667-ABBCCA269DBC}"
EndProject
Project("{FAE04EC0-301F-11D3-BF4B-00C04F79EFBC}") = "DeUygulamaVitrini.API", "src\DeUygulamaVitrini.API\DeUygulamaVitrini.API.csproj", "{9341520F-A751-4EEF-86F6-0EBC51498B25}"
EndProject
Project("{2150E333-8FDC-42A3-9474-1A3956D46DE8}") = "tests", "tests", "{0AB3BF05-4346-4AA6-1389-037BE0695223}"
EndProject
Project("{FAE04EC0-301F-11D3-BF4B-00C04F79EFBC}") = "DeUygulamaVitrini.ExcelTests", "tests\DeUygulamaVitrini.ExcelTests\DeUygulamaVitrini.ExcelTests.csproj", "{71C26E69-8B3B-46F1-8DA4-400EF8E798E3}"
EndProject
Project("{FAE04EC0-301F-11D3-BF4B-00C04F79EFBC}") = "DeUygulamaVitrini.AiTests", "tests\DeUygulamaVitrini.AiTests\DeUygulamaVitrini.AiTests.csproj", "{56CF71B9-93F5-4983-ACEA-97965251809F}"
EndProject
Project("{FAE04EC0-301F-11D3-BF4B-00C04F79EFBC}") = "DeUygulamaVitrini.CaptchaTests", "tests\DeUygulamaVitrini.CaptchaTests\DeUygulamaVitrini.CaptchaTests.csproj", "{7F0233BB-0A22-4ED2-920D-75FEAD4E0086}"
EndProject
Project("{FAE04EC0-301F-11D3-BF4B-00C04F79EFBC}") = "DeUygulamaVitrini.SecurityTests", "tests\DeUygulamaVitrini.SecurityTests\DeUygulamaVitrini.SecurityTests.csproj", "{90660BE3-7010-444B-AEF1-EC345078AEAE}"
EndProject
Global
	GlobalSection(SolutionConfigurationPlatforms) = preSolution
		Debug|Any CPU = Debug|Any CPU
		Debug|x64 = Debug|x64
		Debug|x86 = Debug|x86
		Release|Any CPU = Release|Any CPU
		Release|x64 = Release|x64
		Release|x86 = Release|x86
	EndGlobalSection
	GlobalSection(ProjectConfigurationPlatforms) = postSolution
		{CDE27A30-7430-4EB8-8034-2C97D2F849E4}.Debug|Any CPU.ActiveCfg = Debug|Any CPU
		{CDE27A30-7430-4EB8-8034-2C97D2F849E4}.Debug|Any CPU.Build.0 = Debug|Any CPU
		{CDE27A30-7430-4EB8-8034-2C97D2F849E4}.Debug|x64.ActiveCfg = Debug|Any CPU
		{CDE27A30-7430-4EB8-8034-2C97D2F849E4}.Debug|x64.Build.0 = Debug|Any CPU
		{CDE27A30-7430-4EB8-8034-2C97D2F849E4}.Debug|x86.ActiveCfg = Debug|Any CPU
		{CDE27A30-7430-4EB8-8034-2C97D2F849E4}.Debug|x86.Build.0 = Debug|Any CPU
		{CDE27A30-7430-4EB8-8034-2C97D2F849E4}.Release|Any CPU.ActiveCfg = Release|Any CPU
		{CDE27A30-7430-4EB8-8034-2C97D2F849E4}.Release|Any CPU.Build.0 = Release|Any CPU
		{CDE27A30-7430-4EB8-8034-2C97D2F849E4}.Release|x64.ActiveCfg = Release|Any CPU
		{CDE27A30-7430-4EB8-8034-2C97D2F849E4}.Release|x64.Build.0 = Release|Any CPU
		{CDE27A30-7430-4EB8-8034-2C97D2F849E4}.Release|x86.ActiveCfg = Release|Any CPU
		{CDE27A30-7430-4EB8-8034-2C97D2F849E4}.Release|x86.Build.0 = Release|Any CPU
		{27BCFBAA-E2FD-4E4E-BD5F-16305AE8C711}.Debug|Any CPU.ActiveCfg = Debug|Any CPU
		{27BCFBAA-E2FD-4E4E-BD5F-16305AE8C711}.Debug|Any CPU.Build.0 = Debug|Any CPU
		{27BCFBAA-E2FD-4E4E-BD5F-16305AE8C711}.Debug|x64.ActiveCfg = Debug|Any CPU
		{27BCFBAA-E2FD-4E4E-BD5F-16305AE8C711}.Debug|x64.Build.0 = Debug|Any CPU
		{27BCFBAA-E2FD-4E4E-BD5F-16305AE8C711}.Debug|x86.ActiveCfg = Debug|Any CPU
		{27BCFBAA-E2FD-4E4E-BD5F-16305AE8C711}.Debug|x86.Build.0 = Debug|Any CPU
		{27BCFBAA-E2FD-4E4E-BD5F-16305AE8C711}.Release|Any CPU.ActiveCfg = Release|Any CPU
		{27BCFBAA-E2FD-4E4E-BD5F-16305AE8C711}.Release|Any CPU.Build.0 = Release|Any CPU
		{27BCFBAA-E2FD-4E4E-BD5F-16305AE8C711}.Release|x64.ActiveCfg = Release|Any CPU
		{27BCFBAA-E2FD-4E4E-BD5F-16305AE8C711}.Release|x64.Build.0 = Release|Any CPU
		{27BCFBAA-E2FD-4E4E-BD5F-16305AE8C711}.Release|x86.ActiveCfg = Release|Any CPU
		{27BCFBAA-E2FD-4E4E-BD5F-16305AE8C711}.Release|x86.Build.0 = Release|Any CPU
		{64A793D8-CBC7-48D5-B667-ABBCCA269DBC}.Debug|Any CPU.ActiveCfg = Debug|Any CPU
		{64A793D8-CBC7-48D5-B667-ABBCCA269DBC}.Debug|Any CPU.Build.0 = Debug|Any CPU
		{64A793D8-CBC7-48D5-B667-ABBCCA269DBC}.Debug|x64.ActiveCfg = Debug|Any CPU
		{64A793D8-CBC7-48D5-B667-ABBCCA269DBC}.Debug|x64.Build.0 = Debug|Any CPU
		{64A793D8-CBC7-48D5-B667-ABBCCA269DBC}.Debug|x86.ActiveCfg = Debug|Any CPU
		{64A793D8-CBC7-48D5-B667-ABBCCA269DBC}.Debug|x86.Build.0 = Debug|Any CPU
		{64A793D8-CBC7-48D5-B667-ABBCCA269DBC}.Release|Any CPU.ActiveCfg = Release|Any CPU
		{64A793D8-CBC7-48D5-B667-ABBCCA269DBC}.Release|Any CPU.Build.0 = Release|Any CPU
		{64A793D8-CBC7-48D5-B667-ABBCCA269DBC}.Release|x64.ActiveCfg = Release|Any CPU
		{64A793D8-CBC7-48D5-B667-ABBCCA269DBC}.Release|x64.Build.0 = Release|Any CPU
		{64A793D8-CBC7-48D5-B667-ABBCCA269DBC}.Release|x86.ActiveCfg = Release|Any CPU
		{64A793D8-CBC7-48D5-B667-ABBCCA269DBC}.Release|x86.Build.0 = Release|Any CPU
		{9341520F-A751-4EEF-86F6-0EBC51498B25}.Debug|Any CPU.ActiveCfg = Debug|Any CPU
		{9341520F-A751-4EEF-86F6-0EBC51498B25}.Debug|Any CPU.Build.0 = Debug|Any CPU
		{9341520F-A751-4EEF-86F6-0EBC51498B25}.Debug|x64.ActiveCfg = Debug|Any CPU
		{9341520F-A751-4EEF-86F6-0EBC51498B25}.Debug|x64.Build.0 = Debug|Any CPU
		{9341520F-A751-4EEF-86F6-0EBC51498B25}.Debug|x86.ActiveCfg = Debug|Any CPU
		{9341520F-A751-4EEF-86F6-0EBC51498B25}.Debug|x86.Build.0 = Debug|Any CPU
		{9341520F-A751-4EEF-86F6-0EBC51498B25}.Release|Any CPU.ActiveCfg = Release|Any CPU
		{9341520F-A751-4EEF-86F6-0EBC51498B25}.Release|Any CPU.Build.0 = Release|Any CPU
		{9341520F-A751-4EEF-86F6-0EBC51498B25}.Release|x64.ActiveCfg = Release|Any CPU
		{9341520F-A751-4EEF-86F6-0EBC51498B25}.Release|x64.Build.0 = Release|Any CPU
		{9341520F-A751-4EEF-86F6-0EBC51498B25}.Release|x86.ActiveCfg = Release|Any CPU
		{9341520F-A751-4EEF-86F6-0EBC51498B25}.Release|x86.Build.0 = Release|Any CPU
		{71C26E69-8B3B-46F1-8DA4-400EF8E798E3}.Debug|Any CPU.ActiveCfg = Debug|Any CPU
		{71C26E69-8B3B-46F1-8DA4-400EF8E798E3}.Debug|Any CPU.Build.0 = Debug|Any CPU
		{71C26E69-8B3B-46F1-8DA4-400EF8E798E3}.Debug|x64.ActiveCfg = Debug|Any CPU
		{71C26E69-8B3B-46F1-8DA4-400EF8E798E3}.Debug|x64.Build.0 = Debug|Any CPU
		{71C26E69-8B3B-46F1-8DA4-400EF8E798E3}.Debug|x86.ActiveCfg = Debug|Any CPU
		{71C26E69-8B3B-46F1-8DA4-400EF8E798E3}.Debug|x86.Build.0 = Debug|Any CPU
		{71C26E69-8B3B-46F1-8DA4-400EF8E798E3}.Release|Any CPU.ActiveCfg = Release|Any CPU
		{71C26E69-8B3B-46F1-8DA4-400EF8E798E3}.Release|Any CPU.Build.0 = Release|Any CPU
		{71C26E69-8B3B-46F1-8DA4-400EF8E798E3}.Release|x64.ActiveCfg = Release|Any CPU
		{71C26E69-8B3B-46F1-8DA4-400EF8E798E3}.Release|x64.Build.0 = Release|Any CPU
		{71C26E69-8B3B-46F1-8DA4-400EF8E798E3}.Release|x86.ActiveCfg = Release|Any CPU
		{71C26E69-8B3B-46F1-8DA4-400EF8E798E3}.Release|x86.Build.0 = Release|Any CPU
		{56CF71B9-93F5-4983-ACEA-97965251809F}.Debug|Any CPU.ActiveCfg = Debug|Any CPU
		{56CF71B9-93F5-4983-ACEA-97965251809F}.Debug|Any CPU.Build.0 = Debug|Any CPU
		{56CF71B9-93F5-4983-ACEA-97965251809F}.Debug|x64.ActiveCfg = Debug|Any CPU
		{56CF71B9-93F5-4983-ACEA-97965251809F}.Debug|x64.Build.0 = Debug|Any CPU
		{56CF71B9-93F5-4983-ACEA-97965251809F}.Debug|x86.ActiveCfg = Debug|Any CPU
		{56CF71B9-93F5-4983-ACEA-97965251809F}.Debug|x86.Build.0 = Debug|Any CPU
		{56CF71B9-93F5-4983-ACEA-97965251809F}.Release|Any CPU.ActiveCfg = Release|Any CPU
		{56CF71B9-93F5-4983-ACEA-97965251809F}.Release|Any CPU.Build.0 = Release|Any CPU
		{56CF71B9-93F5-4983-ACEA-97965251809F}.Release|x64.ActiveCfg = Release|Any CPU
		{56CF71B9-93F5-4983-ACEA-97965251809F}.Release|x64.Build.0 = Release|Any CPU
		{56CF71B9-93F5-4983-ACEA-97965251809F}.Release|x86.ActiveCfg = Release|Any CPU
		{56CF71B9-93F5-4983-ACEA-97965251809F}.Release|x86.Build.0 = Release|Any CPU
		{7F0233BB-0A22-4ED2-920D-75FEAD4E0086}.Debug|Any CPU.ActiveCfg = Debug|Any CPU
		{7F0233BB-0A22-4ED2-920D-75FEAD4E0086}.Debug|Any CPU.Build.0 = Debug|Any CPU
		{7F0233BB-0A22-4ED2-920D-75FEAD4E0086}.Debug|x64.ActiveCfg = Debug|Any CPU
		{7F0233BB-0A22-4ED2-920D-75FEAD4E0086}.Debug|x64.Build.0 = Debug|Any CPU
		{7F0233BB-0A22-4ED2-920D-75FEAD4E0086}.Debug|x86.ActiveCfg = Debug|Any CPU
		{7F0233BB-0A22-4ED2-920D-75FEAD4E0086}.Debug|x86.Build.0 = Debug|Any CPU
		{7F0233BB-0A22-4ED2-920D-75FEAD4E0086}.Release|Any CPU.ActiveCfg = Release|Any CPU
		{7F0233BB-0A22-4ED2-920D-75FEAD4E0086}.Release|Any CPU.Build.0 = Release|Any CPU
		{7F0233BB-0A22-4ED2-920D-75FEAD4E0086}.Release|x64.ActiveCfg = Release|Any CPU
		{7F0233BB-0A22-4ED2-920D-75FEAD4E0086}.Release|x64.Build.0 = Release|Any CPU
		{7F0233BB-0A22-4ED2-920D-75FEAD4E0086}.Release|x86.ActiveCfg = Release|Any CPU
		{7F0233BB-0A22-4ED2-920D-75FEAD4E0086}.Release|x86.Build.0 = Release|Any CPU
		{90660BE3-7010-444B-AEF1-EC345078AEAE}.Debug|Any CPU.ActiveCfg = Debug|Any CPU
		{90660BE3-7010-444B-AEF1-EC345078AEAE}.Debug|Any CPU.Build.0 = Debug|Any CPU
		{90660BE3-7010-444B-AEF1-EC345078AEAE}.Debug|x64.ActiveCfg = Debug|Any CPU
		{90660BE3-7010-444B-AEF1-EC345078AEAE}.Debug|x64.Build.0 = Debug|Any CPU
		{90660BE3-7010-444B-AEF1-EC345078AEAE}.Debug|x86.ActiveCfg = Debug|Any CPU
		{90660BE3-7010-444B-AEF1-EC345078AEAE}.Debug|x86.Build.0 = Debug|Any CPU
		{90660BE3-7010-444B-AEF1-EC345078AEAE}.Release|Any CPU.ActiveCfg = Release|Any CPU
		{90660BE3-7010-444B-AEF1-EC345078AEAE}.Release|Any CPU.Build.0 = Release|Any CPU
		{90660BE3-7010-444B-AEF1-EC345078AEAE}.Release|x64.ActiveCfg = Release|Any CPU
		{90660BE3-7010-444B-AEF1-EC345078AEAE}.Release|x64.Build.0 = Release|Any CPU
		{90660BE3-7010-444B-AEF1-EC345078AEAE}.Release|x86.ActiveCfg = Release|Any CPU
		{90660BE3-7010-444B-AEF1-EC345078AEAE}.Release|x86.Build.0 = Release|Any CPU
	EndGlobalSection
	GlobalSection(SolutionProperties) = preSolution
		HideSolutionNode = FALSE
	EndGlobalSection
	GlobalSection(NestedProjects) = preSolution
		{CDE27A30-7430-4EB8-8034-2C97D2F849E4} = {827E0CD3-B72D-47B6-A68D-7590B98EB39B}
		{27BCFBAA-E2FD-4E4E-BD5F-16305AE8C711} = {827E0CD3-B72D-47B6-A68D-7590B98EB39B}
		{64A793D8-CBC7-48D5-B667-ABBCCA269DBC} = {827E0CD3-B72D-47B6-A68D-7590B98EB39B}
		{9341520F-A751-4EEF-86F6-0EBC51498B25} = {827E0CD3-B72D-47B6-A68D-7590B98EB39B}
		{71C26E69-8B3B-46F1-8DA4-400EF8E798E3} = {0AB3BF05-4346-4AA6-1389-037BE0695223}
		{56CF71B9-93F5-4983-ACEA-97965251809F} = {0AB3BF05-4346-4AA6-1389-037BE0695223}
		{7F0233BB-0A22-4ED2-920D-75FEAD4E0086} = {0AB3BF05-4346-4AA6-1389-037BE0695223}
		{90660BE3-7010-444B-AEF1-EC345078AEAE} = {0AB3BF05-4346-4AA6-1389-037BE0695223}
	EndGlobalSection
EndGlobal
